{
  "version": 4,
  "terraform_version": "1.0.9",
  "serial": 1,
  "lineage": "1a6190a2-21da-4369-d95e-537570cf5778",
  "outputs": {},
  "resources": [
    {
      "mode": "data",
      "type": "vsphere_compute_cluster",
      "name": "target_cluster",
      "provider": "provider[\"registry.terraform.io/hashicorp/vsphere\"]",
      "instances": [
        {
          "schema_version": 0,
          "attributes": {
            "datacenter_id": "datacenter-3",
            "id": "domain-c8",
            "name": "c1",
            "resource_pool_id": "resgroup-9"
          },
          "sensitive_attributes": []
        }
      ]
    },
    {
      "mode": "data",
      "type": "vsphere_datacenter",
      "name": "target_dc",
      "provider": "provider[\"registry.terraform.io/hashicorp/vsphere\"]",
      "instances": [
        {
          "schema_version": 0,
          "attributes": {
            "id": "datacenter-3",
            "name": "lab"
          },
          "sensitive_attributes": []
        }
      ]
    },
    {
      "mode": "data",
      "type": "vsphere_datastore",
      "name": "target_datastore",
      "provider": "provider[\"registry.terraform.io/hashicorp/vsphere\"]",
      "instances": [
        {
          "schema_version": 0,
          "attributes": {
            "datacenter_id": "datacenter-3",
            "id": "datastore-19",
            "name": "d1"
          },
          "sensitive_attributes": []
        }
      ]
    },
    {
      "mode": "data",
      "type": "vsphere_host",
      "name": "host",
      "provider": "provider[\"registry.terraform.io/hashicorp/vsphere\"]",
      "instances": [
        {
          "schema_version": 0,
          "attributes": {
            "datacenter_id": "datacenter-3",
            "id": "host-14",
            "name": "192.168.254.108",
            "resource_pool_id": "resgroup-9"
          },
          "sensitive_attributes": []
        }
      ]
    },
    {
      "mode": "data",
      "type": "vsphere_network",
      "name": "iscsi_network1",
      "provider": "provider[\"registry.terraform.io/hashicorp/vsphere\"]",
      "instances": [
        {
          "schema_version": 0,
          "attributes": {
            "datacenter_id": "datacenter-3",
            "distributed_virtual_switch_uuid": null,
            "id": "network-22",
            "name": "10.10.9.0",
            "type": "Network"
          },
          "sensitive_attributes": []
        }
      ]
    },
    {
      "mode": "data",
      "type": "vsphere_network",
      "name": "mgt_network",
      "provider": "provider[\"registry.terraform.io/hashicorp/vsphere\"]",
      "instances": [
        {
          "schema_version": 0,
          "attributes": {
            "datacenter_id": "datacenter-3",
            "distributed_virtual_switch_uuid": null,
            "id": "network-21",
            "name": "VM Network",
            "type": "Network"
          },
          "sensitive_attributes": []
        }
      ]
    },
    {
      "mode": "data",
      "type": "vsphere_network",
      "name": "vmotion_network",
      "provider": "provider[\"registry.terraform.io/hashicorp/vsphere\"]",
      "instances": [
        {
          "schema_version": 0,
          "attributes": {
            "datacenter_id": "datacenter-3",
            "distributed_virtual_switch_uuid": null,
            "id": "network-24",
            "name": "i-vmotion",
            "type": "Network"
          },
          "sensitive_attributes": []
        }
      ]
    },
    {
      "mode": "data",
      "type": "vsphere_network",
      "name": "workload_network",
      "provider": "provider[\"registry.terraform.io/hashicorp/vsphere\"]",
      "instances": [
        {
          "schema_version": 0,
          "attributes": {
            "datacenter_id": "datacenter-3",
            "distributed_virtual_switch_uuid": null,
            "id": "network-25",
            "name": "i-trunk",
            "type": "Network"
          },
          "sensitive_attributes": []
        }
      ]
    },
    {
      "mode": "data",
      "type": "vsphere_virtual_machine",
      "name": "template0",
      "provider": "provider[\"registry.terraform.io/hashicorp/vsphere\"]",
      "instances": [
        {
          "schema_version": 0,
          "attributes": {
            "alternate_guest_name": "",
            "annotation": "",
            "boot_delay": 0,
            "boot_retry_delay": 10000,
            "boot_retry_enabled": false,
            "change_version": "2022-07-27T13:35:31.676301Z",
            "cpu_hot_add_enabled": false,
            "cpu_hot_remove_enabled": false,
            "cpu_limit": -1,
            "cpu_performance_counters_enabled": false,
            "cpu_reservation": 0,
            "cpu_share_count": 24000,
            "cpu_share_level": "normal",
            "datacenter_id": "datacenter-3",
            "default_ip_address": null,
            "disks": [
              {
                "eagerly_scrub": false,
                "label": "Hard disk 1",
                "size": 8,
                "thin_provisioned": true,
                "unit_number": 0
              }
            ],
            "efi_secure_boot_enabled": false,
            "enable_disk_uuid": false,
            "enable_logging": true,
            "ept_rvi_mode": "automatic",
            "extra_config": {},
            "firmware": "bios",
            "guest_id": "vmkernel6Guest",
            "guest_ip_addresses": [],
            "hardware_version": 14,
            "hv_mode": "hvAuto",
            "id": "42365506-643b-67be-5d5b-59b1b5d3bd42",
            "ide_controller_scan_count": 2,
            "latency_sensitivity": "normal",
            "memory": 51200,
            "memory_hot_add_enabled": false,
            "memory_limit": -1,
            "memory_reservation": 0,
            "memory_share_count": 512000,
            "memory_share_level": "normal",
            "name": "7template-esxi-7.0.u3d001",
            "nested_hv_enabled": true,
            "network_interface_types": [
              "vmxnet3"
            ],
            "network_interfaces": [
              {
                "adapter_type": "vmxnet3",
                "bandwidth_limit": -1,
                "bandwidth_reservation": 0,
                "bandwidth_share_count": 50,
                "bandwidth_share_level": "normal",
                "mac_address": "00:50:56:b6:c0:e7",
                "network_id": "network-21"
              }
            ],
            "num_cores_per_socket": 1,
            "num_cpus": 24,
            "replace_trigger": null,
            "run_tools_scripts_after_power_on": true,
            "run_tools_scripts_after_resume": true,
            "run_tools_scripts_before_guest_reboot": false,
            "run_tools_scripts_before_guest_shutdown": true,
            "run_tools_scripts_before_guest_standby": true,
            "sata_controller_scan_count": 0,
            "scsi_bus_sharing": "noSharing",
            "scsi_controller_scan_count": 1,
            "scsi_type": "pvscsi",
            "storage_policy_id": null,
            "swap_placement_policy": "inherit",
            "sync_time_with_host": false,
            "sync_time_with_host_periodically": false,
            "tools_upgrade_policy": "manual",
            "uuid": "42365506-643b-67be-5d5b-59b1b5d3bd42",
            "vapp": null,
            "vapp_transport": [],
            "vbs_enabled": false,
            "vvtd_enabled": false
          },
          "sensitive_attributes": []
        }
      ]
    },
    {
      "mode": "managed",
      "type": "vsphere_virtual_machine",
      "name": "vesxi",
      "provider": "provider[\"registry.terraform.io/hashicorp/vsphere\"]",
      "instances": [
        {
          "index_key": 0,
          "schema_version": 3,
          "attributes": {
            "alternate_guest_name": "",
            "annotation": "",
            "boot_delay": 0,
            "boot_retry_delay": 10000,
            "boot_retry_enabled": false,
            "cdrom": [],
            "change_version": "2022-07-27T13:36:43.392549Z",
            "clone": [
              {
                "customize": [],
                "linked_clone": false,
                "ovf_network_map": null,
                "ovf_storage_map": null,
                "template_uuid": "42365506-643b-67be-5d5b-59b1b5d3bd42",
                "timeout": 120
              }
            ],
            "cpu_hot_add_enabled": false,
            "cpu_hot_remove_enabled": false,
            "cpu_limit": -1,
            "cpu_performance_counters_enabled": false,
            "cpu_reservation": 0,
            "cpu_share_count": 16000,
            "cpu_share_level": "normal",
            "custom_attributes": null,
            "datacenter_id": null,
            "datastore_cluster_id": null,
            "datastore_id": "datastore-19",
            "default_ip_address": "192.168.222.48",
            "disk": [
              {
                "attach": false,
                "controller_type": "scsi",
                "datastore_id": "datastore-19",
                "device_address": "scsi:0:0",
                "disk_mode": "persistent",
                "disk_sharing": "sharingNone",
                "eagerly_scrub": false,
                "io_limit": -1,
                "io_reservation": 0,
                "io_share_count": 1000,
                "io_share_level": "normal",
                "keep_on_remove": false,
                "key": 2000,
                "label": "disk0",
                "path": "tanzu41/tanzu41.vmdk",
                "size": 8,
                "storage_policy_id": "",
                "thin_provisioned": true,
                "unit_number": 0,
                "uuid": "6000C299-6750-ada4-2704-fb844aab7296",
                "write_through": false
              }
            ],
            "efi_secure_boot_enabled": false,
            "enable_disk_uuid": false,
            "enable_logging": false,
            "ept_rvi_mode": "automatic",
            "extra_config": null,
            "firmware": "bios",
            "folder": "",
            "force_power_off": true,
            "guest_id": "vmkernel6Guest",
            "guest_ip_addresses": [
              "192.168.222.48",
              "fe80::250:56ff:feb8:249a"
            ],
            "hardware_version": 14,
            "host_system_id": "host-14",
            "hv_mode": "hvAuto",
            "id": "4238f3d3-a172-a4a6-8522-60cf96e1cae2",
            "ide_controller_count": 2,
            "ignored_guest_ips": null,
            "imported": null,
            "latency_sensitivity": "normal",
            "memory": 50176,
            "memory_hot_add_enabled": false,
            "memory_limit": -1,
            "memory_reservation": 0,
            "memory_share_count": 501760,
            "memory_share_level": "normal",
            "migrate_wait_timeout": 30,
            "moid": "vm-43",
            "name": "tanzu41",
            "nested_hv_enabled": true,
            "network_interface": [
              {
                "adapter_type": "vmxnet3",
                "bandwidth_limit": -1,
                "bandwidth_reservation": 0,
                "bandwidth_share_count": 50,
                "bandwidth_share_level": "normal",
                "device_address": "pci:0:7",
                "key": 4000,
                "mac_address": "00:50:56:b8:24:9a",
                "network_id": "network-21",
                "ovf_mapping": "",
                "use_static_mac": false
              },
              {
                "adapter_type": "vmxnet3",
                "bandwidth_limit": -1,
                "bandwidth_reservation": 0,
                "bandwidth_share_count": 50,
                "bandwidth_share_level": "normal",
                "device_address": "pci:0:8",
                "key": 4001,
                "mac_address": "00:50:56:b8:0e:56",
                "network_id": "network-21",
                "ovf_mapping": "",
                "use_static_mac": false
              },
              {
                "adapter_type": "vmxnet3",
                "bandwidth_limit": -1,
                "bandwidth_reservation": 0,
                "bandwidth_share_count": 50,
                "bandwidth_share_level": "normal",
                "device_address": "pci:0:9",
                "key": 4002,
                "mac_address": "00:50:56:b8:06:79",
                "network_id": "network-22",
                "ovf_mapping": "",
                "use_static_mac": false
              },
              {
                "adapter_type": "vmxnet3",
                "bandwidth_limit": -1,
                "bandwidth_reservation": 0,
                "bandwidth_share_count": 50,
                "bandwidth_share_level": "normal",
                "device_address": "pci:0:10",
                "key": 4003,
                "mac_address": "00:50:56:b8:cd:12",
                "network_id": "network-24",
                "ovf_mapping": "",
                "use_static_mac": false
              },
              {
                "adapter_type": "vmxnet3",
                "bandwidth_limit": -1,
                "bandwidth_reservation": 0,
                "bandwidth_share_count": 50,
                "bandwidth_share_level": "normal",
                "device_address": "pci:0:11",
                "key": 4004,
                "mac_address": "00:50:56:b8:53:86",
                "network_id": "network-25",
                "ovf_mapping": "",
                "use_static_mac": false
              },
              {
                "adapter_type": "vmxnet3",
                "bandwidth_limit": -1,
                "bandwidth_reservation": 0,
                "bandwidth_share_count": 50,
                "bandwidth_share_level": "normal",
                "device_address": "pci:0:12",
                "key": 4005,
                "mac_address": "00:50:56:b8:9c:65",
                "network_id": "network-25",
                "ovf_mapping": "",
                "use_static_mac": false
              },
              {
                "adapter_type": "vmxnet3",
                "bandwidth_limit": -1,
                "bandwidth_reservation": 0,
                "bandwidth_share_count": 50,
                "bandwidth_share_level": "normal",
                "device_address": "pci:0:13",
                "key": 4006,
                "mac_address": "00:50:56:b8:da:20",
                "network_id": "network-25",
                "ovf_mapping": "",
                "use_static_mac": false
              },
              {
                "adapter_type": "vmxnet3",
                "bandwidth_limit": -1,
                "bandwidth_reservation": 0,
                "bandwidth_share_count": 50,
                "bandwidth_share_level": "normal",
                "device_address": "pci:0:14",
                "key": 4007,
                "mac_address": "00:50:56:b8:a3:32",
                "network_id": "network-25",
                "ovf_mapping": "",
                "use_static_mac": false
              },
              {
                "adapter_type": "vmxnet3",
                "bandwidth_limit": -1,
                "bandwidth_reservation": 0,
                "bandwidth_share_count": 50,
                "bandwidth_share_level": "normal",
                "device_address": "pci:0:15",
                "key": 4008,
                "mac_address": "00:50:56:b8:63:2f",
                "network_id": "network-25",
                "ovf_mapping": "",
                "use_static_mac": false
              },
              {
                "adapter_type": "vmxnet3",
                "bandwidth_limit": -1,
                "bandwidth_reservation": 0,
                "bandwidth_share_count": 50,
                "bandwidth_share_level": "normal",
                "device_address": "pci:0:16",
                "key": 4009,
                "mac_address": "00:50:56:b8:27:f2",
                "network_id": "network-25",
                "ovf_mapping": "",
                "use_static_mac": false
              }
            ],
            "num_cores_per_socket": 1,
            "num_cpus": 16,
            "ovf_deploy": [],
            "pci_device_id": null,
            "power_state": "on",
            "poweron_timeout": 300,
            "reboot_required": false,
            "replace_trigger": null,
            "resource_pool_id": "resgroup-9",
            "run_tools_scripts_after_power_on": true,
            "run_tools_scripts_after_resume": true,
            "run_tools_scripts_before_guest_reboot": false,
            "run_tools_scripts_before_guest_shutdown": true,
            "run_tools_scripts_before_guest_standby": true,
            "sata_controller_count": 0,
            "scsi_bus_sharing": "noSharing",
            "scsi_controller_count": 1,
            "scsi_type": "pvscsi",
            "shutdown_wait_timeout": 3,
            "storage_policy_id": "",
            "swap_placement_policy": "inherit",
            "sync_time_with_host": false,
            "sync_time_with_host_periodically": false,
            "tags": null,
            "tools_upgrade_policy": "manual",
            "uuid": "4238f3d3-a172-a4a6-8522-60cf96e1cae2",
            "vapp": [],
            "vapp_transport": [],
            "vbs_enabled": false,
            "vmware_tools_status": "guestToolsRunning",
            "vmx_path": "tanzu41/tanzu41.vmx",
            "vvtd_enabled": false,
            "wait_for_guest_ip_timeout": 35,
            "wait_for_guest_net_routable": false,
            "wait_for_guest_net_timeout": 35
          },
          "sensitive_attributes": [],
          "private": "eyJzY2hlbWFfdmVyc2lvbiI6IjMifQ==",
          "dependencies": [
            "data.vsphere_compute_cluster.target_cluster",
            "data.vsphere_datastore.target_datastore",
            "data.vsphere_host.host",
            "data.vsphere_network.iscsi_network1",
            "data.vsphere_network.mgt_network",
            "data.vsphere_network.vmotion_network",
            "data.vsphere_network.workload_network",
            "data.vsphere_virtual_machine.template0"
          ]
        }
      ]
    }
  ]
}
