{
  "version": 4,
  "terraform_version": "1.0.9",
  "serial": 65,
  "lineage": "31e7b131-906e-eba2-08d2-2a77c614a7a6",
  "outputs": {},
  "resources": [
    {
      "module": "module.nsxt",
      "mode": "data",
      "type": "vsphere_host_thumbprint",
      "name": "finger0",
      "provider": "module.nsxt.provider[\"registry.terraform.io/hashicorp/vsphere\"]",
      "instances": [
        {
          "schema_version": 0,
          "attributes": {
            "address": "192.168.15.151",
            "id": "EF:ED:57:C0:37:98:2C:D5:BB:75:0C:35:51:F1:27:87:0A:D3:8B:9F",
            "insecure": true,
            "port": "443"
          },
          "sensitive_attributes": []
        }
      ]
    },
    {
      "module": "module.nsxt",
      "mode": "data",
      "type": "vsphere_host_thumbprint",
      "name": "finger1",
      "provider": "module.nsxt.provider[\"registry.terraform.io/hashicorp/vsphere\"]",
      "instances": [
        {
          "schema_version": 0,
          "attributes": {
            "address": "192.168.15.152",
            "id": "DE:C8:40:19:2B:AD:D4:2F:43:63:BB:45:8A:1A:8D:18:ED:C2:74:6A",
            "insecure": true,
            "port": "443"
          },
          "sensitive_attributes": []
        }
      ]
    },
    {
      "module": "module.nsxt",
      "mode": "data",
      "type": "vsphere_host_thumbprint",
      "name": "finger2",
      "provider": "module.nsxt.provider[\"registry.terraform.io/hashicorp/vsphere\"]",
      "instances": [
        {
          "schema_version": 0,
          "attributes": {
            "address": "192.168.15.153",
            "id": "F3:4B:C3:16:19:A5:A4:83:6C:CF:80:51:1E:18:8D:AF:51:A1:D3:21",
            "insecure": true,
            "port": "443"
          },
          "sensitive_attributes": []
        }
      ]
    },
    {
      "module": "module.nsxt",
      "mode": "data",
      "type": "vsphere_host_thumbprint",
      "name": "finger3",
      "provider": "module.nsxt.provider[\"registry.terraform.io/hashicorp/vsphere\"]",
      "instances": [
        {
          "schema_version": 0,
          "attributes": {
            "address": "192.168.15.154",
            "id": "EE:7E:10:69:BB:F2:91:B2:79:94:47:05:55:2B:83:E7:AA:8F:DE:52",
            "insecure": true,
            "port": "443"
          },
          "sensitive_attributes": []
        }
      ]
    },
    {
      "module": "module.nsxt",
      "mode": "managed",
      "type": "vsphere_compute_cluster",
      "name": "c1",
      "provider": "module.nsxt.provider[\"registry.terraform.io/hashicorp/vsphere\"]",
      "instances": [
        {
          "schema_version": 0,
          "attributes": {
            "custom_attributes": null,
            "datacenter_id": "datacenter-7080",
            "dpm_automation_level": "manual",
            "dpm_enabled": false,
            "dpm_threshold": 3,
            "drs_advanced_options": null,
            "drs_automation_level": "manual",
            "drs_enable_predictive_drs": false,
            "drs_enable_vm_overrides": true,
            "drs_enabled": false,
            "drs_migration_threshold": 3,
            "folder": "",
            "force_evacuate_on_destroy": null,
            "ha_admission_control_failover_host_system_ids": null,
            "ha_admission_control_host_failure_tolerance": 1,
            "ha_admission_control_performance_tolerance": 100,
            "ha_admission_control_policy": "resourcePercentage",
            "ha_admission_control_resource_percentage_auto_compute": true,
            "ha_admission_control_resource_percentage_cpu": 100,
            "ha_admission_control_resource_percentage_memory": 100,
            "ha_admission_control_slot_policy_explicit_cpu": 32,
            "ha_admission_control_slot_policy_explicit_memory": 100,
            "ha_admission_control_slot_policy_use_explicit_size": null,
            "ha_advanced_options": null,
            "ha_datastore_apd_recovery_action": "none",
            "ha_datastore_apd_response": "disabled",
            "ha_datastore_apd_response_delay": 180,
            "ha_datastore_pdl_response": "disabled",
            "ha_enabled": false,
            "ha_heartbeat_datastore_ids": null,
            "ha_heartbeat_datastore_policy": "allFeasibleDsWithUserPreference",
            "ha_host_isolation_response": "none",
            "ha_host_monitoring": "enabled",
            "ha_vm_component_protection": "enabled",
            "ha_vm_dependency_restart_condition": "none",
            "ha_vm_failure_interval": 30,
            "ha_vm_maximum_failure_window": -1,
            "ha_vm_maximum_resets": 3,
            "ha_vm_minimum_uptime": 120,
            "ha_vm_monitoring": "vmMonitoringDisabled",
            "ha_vm_restart_additional_delay": 0,
            "ha_vm_restart_priority": "medium",
            "ha_vm_restart_timeout": 600,
            "host_cluster_exit_timeout": 3600,
            "host_managed": null,
            "host_system_ids": null,
            "id": "domain-c7085",
            "name": "Prod",
            "proactive_ha_automation_level": "Manual",
            "proactive_ha_enabled": false,
            "proactive_ha_moderate_remediation": "QuarantineMode",
            "proactive_ha_provider_ids": null,
            "proactive_ha_severe_remediation": "QuarantineMode",
            "resource_pool_id": "resgroup-7086",
            "tags": null,
            "vsan_disk_group": [],
            "vsan_enabled": false
          },
          "sensitive_attributes": [],
          "private": "bnVsbA==",
          "dependencies": [
            "module.nsxt.vsphere_datacenter.target_dc"
          ]
        }
      ]
    },
    {
      "module": "module.nsxt",
      "mode": "managed",
      "type": "vsphere_compute_cluster",
      "name": "c2",
      "provider": "module.nsxt.provider[\"registry.terraform.io/hashicorp/vsphere\"]",
      "instances": [
        {
          "schema_version": 0,
          "attributes": {
            "custom_attributes": null,
            "datacenter_id": "datacenter-7080",
            "dpm_automation_level": "manual",
            "dpm_enabled": false,
            "dpm_threshold": 3,
            "drs_advanced_options": null,
            "drs_automation_level": "manual",
            "drs_enable_predictive_drs": false,
            "drs_enable_vm_overrides": true,
            "drs_enabled": false,
            "drs_migration_threshold": 3,
            "folder": "",
            "force_evacuate_on_destroy": null,
            "ha_admission_control_failover_host_system_ids": null,
            "ha_admission_control_host_failure_tolerance": 1,
            "ha_admission_control_performance_tolerance": 100,
            "ha_admission_control_policy": "resourcePercentage",
            "ha_admission_control_resource_percentage_auto_compute": true,
            "ha_admission_control_resource_percentage_cpu": 100,
            "ha_admission_control_resource_percentage_memory": 100,
            "ha_admission_control_slot_policy_explicit_cpu": 32,
            "ha_admission_control_slot_policy_explicit_memory": 100,
            "ha_admission_control_slot_policy_use_explicit_size": null,
            "ha_advanced_options": null,
            "ha_datastore_apd_recovery_action": "none",
            "ha_datastore_apd_response": "disabled",
            "ha_datastore_apd_response_delay": 180,
            "ha_datastore_pdl_response": "disabled",
            "ha_enabled": false,
            "ha_heartbeat_datastore_ids": null,
            "ha_heartbeat_datastore_policy": "allFeasibleDsWithUserPreference",
            "ha_host_isolation_response": "none",
            "ha_host_monitoring": "enabled",
            "ha_vm_component_protection": "enabled",
            "ha_vm_dependency_restart_condition": "none",
            "ha_vm_failure_interval": 30,
            "ha_vm_maximum_failure_window": -1,
            "ha_vm_maximum_resets": 3,
            "ha_vm_minimum_uptime": 120,
            "ha_vm_monitoring": "vmMonitoringDisabled",
            "ha_vm_restart_additional_delay": 0,
            "ha_vm_restart_priority": "medium",
            "ha_vm_restart_timeout": 600,
            "host_cluster_exit_timeout": 3600,
            "host_managed": null,
            "host_system_ids": null,
            "id": "domain-c7087",
            "name": "Staging",
            "proactive_ha_automation_level": "Manual",
            "proactive_ha_enabled": false,
            "proactive_ha_moderate_remediation": "QuarantineMode",
            "proactive_ha_provider_ids": null,
            "proactive_ha_severe_remediation": "QuarantineMode",
            "resource_pool_id": "resgroup-7088",
            "tags": null,
            "vsan_disk_group": [],
            "vsan_enabled": false
          },
          "sensitive_attributes": [],
          "private": "bnVsbA==",
          "dependencies": [
            "module.nsxt.vsphere_datacenter.target_dc"
          ]
        }
      ]
    },
    {
      "module": "module.nsxt",
      "mode": "managed",
      "type": "vsphere_datacenter",
      "name": "target_dc",
      "provider": "module.nsxt.provider[\"registry.terraform.io/hashicorp/vsphere\"]",
      "instances": [
        {
          "schema_version": 0,
          "attributes": {
            "custom_attributes": null,
            "folder": null,
            "id": "DC1",
            "moid": "datacenter-7080",
            "name": "DC1",
            "tags": null
          },
          "sensitive_attributes": [],
          "private": "bnVsbA=="
        }
      ]
    },
    {
      "module": "module.nsxt",
      "mode": "managed",
      "type": "vsphere_distributed_port_group",
      "name": "pg1",
      "provider": "module.nsxt.provider[\"registry.terraform.io/hashicorp/vsphere\"]",
      "instances": [
        {
          "index_key": "dpg-vdsmgt-mgt",
          "schema_version": 0,
          "attributes": {
            "active_uplinks": [
              "uplink1",
              "uplink2"
            ],
            "allow_forged_transmits": false,
            "allow_mac_changes": false,
            "allow_promiscuous": false,
            "auto_expand": true,
            "block_all_ports": false,
            "block_override_allowed": false,
            "check_beacon": false,
            "config_version": "0",
            "custom_attributes": null,
            "description": "",
            "directpath_gen2_allowed": false,
            "distributed_virtual_switch_uuid": "50 11 2a 95 24 9e ef 53-e2 d2 68 fd f1 32 49 de",
            "egress_shaping_average_bandwidth": 100000000,
            "egress_shaping_burst_size": 104857600,
            "egress_shaping_enabled": false,
            "egress_shaping_peak_bandwidth": 100000000,
            "failback": true,
            "id": "dvportgroup-7115",
            "ingress_shaping_average_bandwidth": 100000000,
            "ingress_shaping_burst_size": 104857600,
            "ingress_shaping_enabled": false,
            "ingress_shaping_peak_bandwidth": 100000000,
            "key": "dvportgroup-7115",
            "lacp_enabled": false,
            "lacp_mode": "passive",
            "live_port_moving_allowed": false,
            "name": "dpg-vdsmgt-mgt",
            "netflow_enabled": false,
            "netflow_override_allowed": false,
            "network_resource_pool_key": "-1",
            "network_resource_pool_override_allowed": false,
            "notify_switches": true,
            "number_of_ports": 0,
            "port_config_reset_at_disconnect": false,
            "port_name_format": "",
            "port_private_secondary_vlan_id": null,
            "security_policy_override_allowed": false,
            "shaping_override_allowed": false,
            "standby_uplinks": [],
            "tags": null,
            "teaming_policy": "loadbalance_srcid",
            "traffic_filter_override_allowed": false,
            "tx_uplink": false,
            "type": "earlyBinding",
            "uplink_teaming_override_allowed": false,
            "vlan_id": 0,
            "vlan_override_allowed": false,
            "vlan_range": []
          },
          "sensitive_attributes": [],
          "private": "bnVsbA==",
          "dependencies": [
            "module.nsxt.data.vsphere_host_thumbprint.finger0",
            "module.nsxt.data.vsphere_host_thumbprint.finger1",
            "module.nsxt.data.vsphere_host_thumbprint.finger2",
            "module.nsxt.data.vsphere_host_thumbprint.finger3",
            "module.nsxt.vsphere_compute_cluster.c1",
            "module.nsxt.vsphere_compute_cluster.c2",
            "module.nsxt.vsphere_datacenter.target_dc",
            "module.nsxt.vsphere_distributed_virtual_switch.vds1",
            "module.nsxt.vsphere_host.hostmember",
            "module.nsxt.vsphere_host.hostmember1"
          ]
        }
      ]
    },
    {
      "module": "module.nsxt",
      "mode": "managed",
      "type": "vsphere_distributed_port_group",
      "name": "pg2",
      "provider": "module.nsxt.provider[\"registry.terraform.io/hashicorp/vsphere\"]",
      "instances": [
        {
          "index_key": "dpg-prod-ovl-edge-uplink1",
          "schema_version": 0,
          "attributes": {
            "active_uplinks": [
              "uplink1",
              "uplink2"
            ],
            "allow_forged_transmits": false,
            "allow_mac_changes": false,
            "allow_promiscuous": false,
            "auto_expand": true,
            "block_all_ports": false,
            "block_override_allowed": false,
            "check_beacon": false,
            "config_version": "0",
            "custom_attributes": null,
            "description": "",
            "directpath_gen2_allowed": false,
            "distributed_virtual_switch_uuid": "50 11 06 c3 59 10 a0 80-b3 40 68 bc 59 f6 b8 ec",
            "egress_shaping_average_bandwidth": 100000000,
            "egress_shaping_burst_size": 104857600,
            "egress_shaping_enabled": false,
            "egress_shaping_peak_bandwidth": 100000000,
            "failback": true,
            "id": "dvportgroup-7114",
            "ingress_shaping_average_bandwidth": 100000000,
            "ingress_shaping_burst_size": 104857600,
            "ingress_shaping_enabled": false,
            "ingress_shaping_peak_bandwidth": 100000000,
            "key": "dvportgroup-7114",
            "lacp_enabled": false,
            "lacp_mode": "passive",
            "live_port_moving_allowed": false,
            "name": "dpg-prod-ovl-edge-uplink1",
            "netflow_enabled": false,
            "netflow_override_allowed": false,
            "network_resource_pool_key": "-1",
            "network_resource_pool_override_allowed": false,
            "notify_switches": true,
            "number_of_ports": 0,
            "port_config_reset_at_disconnect": false,
            "port_name_format": "",
            "port_private_secondary_vlan_id": null,
            "security_policy_override_allowed": false,
            "shaping_override_allowed": false,
            "standby_uplinks": [],
            "tags": null,
            "teaming_policy": "loadbalance_srcid",
            "traffic_filter_override_allowed": false,
            "tx_uplink": false,
            "type": "earlyBinding",
            "uplink_teaming_override_allowed": false,
            "vlan_id": null,
            "vlan_override_allowed": false,
            "vlan_range": [
              {
                "max_vlan": 4094,
                "min_vlan": 0
              }
            ]
          },
          "sensitive_attributes": [],
          "private": "bnVsbA==",
          "dependencies": [
            "module.nsxt.data.vsphere_host_thumbprint.finger0",
            "module.nsxt.data.vsphere_host_thumbprint.finger1",
            "module.nsxt.vsphere_compute_cluster.c1",
            "module.nsxt.vsphere_datacenter.target_dc",
            "module.nsxt.vsphere_distributed_virtual_switch.vds2",
            "module.nsxt.vsphere_host.hostmember"
          ]
        },
        {
          "index_key": "dpg-prod-ovl-edge-uplink2",
          "schema_version": 0,
          "attributes": {
            "active_uplinks": [
              "uplink1",
              "uplink2"
            ],
            "allow_forged_transmits": false,
            "allow_mac_changes": false,
            "allow_promiscuous": false,
            "auto_expand": true,
            "block_all_ports": false,
            "block_override_allowed": false,
            "check_beacon": false,
            "config_version": "0",
            "custom_attributes": null,
            "description": "",
            "directpath_gen2_allowed": false,
            "distributed_virtual_switch_uuid": "50 11 06 c3 59 10 a0 80-b3 40 68 bc 59 f6 b8 ec",
            "egress_shaping_average_bandwidth": 100000000,
            "egress_shaping_burst_size": 104857600,
            "egress_shaping_enabled": false,
            "egress_shaping_peak_bandwidth": 100000000,
            "failback": true,
            "id": "dvportgroup-7116",
            "ingress_shaping_average_bandwidth": 100000000,
            "ingress_shaping_burst_size": 104857600,
            "ingress_shaping_enabled": false,
            "ingress_shaping_peak_bandwidth": 100000000,
            "key": "dvportgroup-7116",
            "lacp_enabled": false,
            "lacp_mode": "passive",
            "live_port_moving_allowed": false,
            "name": "dpg-prod-ovl-edge-uplink2",
            "netflow_enabled": false,
            "netflow_override_allowed": false,
            "network_resource_pool_key": "-1",
            "network_resource_pool_override_allowed": false,
            "notify_switches": true,
            "number_of_ports": 0,
            "port_config_reset_at_disconnect": false,
            "port_name_format": "",
            "port_private_secondary_vlan_id": null,
            "security_policy_override_allowed": false,
            "shaping_override_allowed": false,
            "standby_uplinks": [],
            "tags": null,
            "teaming_policy": "loadbalance_srcid",
            "traffic_filter_override_allowed": false,
            "tx_uplink": false,
            "type": "earlyBinding",
            "uplink_teaming_override_allowed": false,
            "vlan_id": null,
            "vlan_override_allowed": false,
            "vlan_range": [
              {
                "max_vlan": 4094,
                "min_vlan": 0
              }
            ]
          },
          "sensitive_attributes": [],
          "private": "bnVsbA==",
          "dependencies": [
            "module.nsxt.data.vsphere_host_thumbprint.finger0",
            "module.nsxt.data.vsphere_host_thumbprint.finger1",
            "module.nsxt.vsphere_compute_cluster.c1",
            "module.nsxt.vsphere_datacenter.target_dc",
            "module.nsxt.vsphere_distributed_virtual_switch.vds2",
            "module.nsxt.vsphere_host.hostmember"
          ]
        },
        {
          "index_key": "dpg-prod-vl-edge-uplink1",
          "schema_version": 0,
          "attributes": {
            "active_uplinks": [
              "uplink1",
              "uplink2"
            ],
            "allow_forged_transmits": false,
            "allow_mac_changes": false,
            "allow_promiscuous": false,
            "auto_expand": true,
            "block_all_ports": false,
            "block_override_allowed": false,
            "check_beacon": false,
            "config_version": "0",
            "custom_attributes": null,
            "description": "",
            "directpath_gen2_allowed": false,
            "distributed_virtual_switch_uuid": "50 11 06 c3 59 10 a0 80-b3 40 68 bc 59 f6 b8 ec",
            "egress_shaping_average_bandwidth": 100000000,
            "egress_shaping_burst_size": 104857600,
            "egress_shaping_enabled": false,
            "egress_shaping_peak_bandwidth": 100000000,
            "failback": true,
            "id": "dvportgroup-7117",
            "ingress_shaping_average_bandwidth": 100000000,
            "ingress_shaping_burst_size": 104857600,
            "ingress_shaping_enabled": false,
            "ingress_shaping_peak_bandwidth": 100000000,
            "key": "dvportgroup-7117",
            "lacp_enabled": false,
            "lacp_mode": "passive",
            "live_port_moving_allowed": false,
            "name": "dpg-prod-vl-edge-uplink1",
            "netflow_enabled": false,
            "netflow_override_allowed": false,
            "network_resource_pool_key": "-1",
            "network_resource_pool_override_allowed": false,
            "notify_switches": true,
            "number_of_ports": 0,
            "port_config_reset_at_disconnect": false,
            "port_name_format": "",
            "port_private_secondary_vlan_id": null,
            "security_policy_override_allowed": false,
            "shaping_override_allowed": false,
            "standby_uplinks": [],
            "tags": null,
            "teaming_policy": "loadbalance_srcid",
            "traffic_filter_override_allowed": false,
            "tx_uplink": false,
            "type": "earlyBinding",
            "uplink_teaming_override_allowed": false,
            "vlan_id": null,
            "vlan_override_allowed": false,
            "vlan_range": [
              {
                "max_vlan": 4094,
                "min_vlan": 0
              }
            ]
          },
          "sensitive_attributes": [],
          "private": "bnVsbA==",
          "dependencies": [
            "module.nsxt.data.vsphere_host_thumbprint.finger0",
            "module.nsxt.data.vsphere_host_thumbprint.finger1",
            "module.nsxt.vsphere_compute_cluster.c1",
            "module.nsxt.vsphere_datacenter.target_dc",
            "module.nsxt.vsphere_distributed_virtual_switch.vds2",
            "module.nsxt.vsphere_host.hostmember"
          ]
        },
        {
          "index_key": "dpg-prod-vl-edge-uplink2",
          "schema_version": 0,
          "attributes": {
            "active_uplinks": [
              "uplink1",
              "uplink2"
            ],
            "allow_forged_transmits": false,
            "allow_mac_changes": false,
            "allow_promiscuous": false,
            "auto_expand": true,
            "block_all_ports": false,
            "block_override_allowed": false,
            "check_beacon": false,
            "config_version": "0",
            "custom_attributes": null,
            "description": "",
            "directpath_gen2_allowed": false,
            "distributed_virtual_switch_uuid": "50 11 06 c3 59 10 a0 80-b3 40 68 bc 59 f6 b8 ec",
            "egress_shaping_average_bandwidth": 100000000,
            "egress_shaping_burst_size": 104857600,
            "egress_shaping_enabled": false,
            "egress_shaping_peak_bandwidth": 100000000,
            "failback": true,
            "id": "dvportgroup-7118",
            "ingress_shaping_average_bandwidth": 100000000,
            "ingress_shaping_burst_size": 104857600,
            "ingress_shaping_enabled": false,
            "ingress_shaping_peak_bandwidth": 100000000,
            "key": "dvportgroup-7118",
            "lacp_enabled": false,
            "lacp_mode": "passive",
            "live_port_moving_allowed": false,
            "name": "dpg-prod-vl-edge-uplink2",
            "netflow_enabled": false,
            "netflow_override_allowed": false,
            "network_resource_pool_key": "-1",
            "network_resource_pool_override_allowed": false,
            "notify_switches": true,
            "number_of_ports": 0,
            "port_config_reset_at_disconnect": false,
            "port_name_format": "",
            "port_private_secondary_vlan_id": null,
            "security_policy_override_allowed": false,
            "shaping_override_allowed": false,
            "standby_uplinks": [],
            "tags": null,
            "teaming_policy": "loadbalance_srcid",
            "traffic_filter_override_allowed": false,
            "tx_uplink": false,
            "type": "earlyBinding",
            "uplink_teaming_override_allowed": false,
            "vlan_id": null,
            "vlan_override_allowed": false,
            "vlan_range": [
              {
                "max_vlan": 4094,
                "min_vlan": 0
              }
            ]
          },
          "sensitive_attributes": [],
          "private": "bnVsbA==",
          "dependencies": [
            "module.nsxt.data.vsphere_host_thumbprint.finger0",
            "module.nsxt.data.vsphere_host_thumbprint.finger1",
            "module.nsxt.vsphere_compute_cluster.c1",
            "module.nsxt.vsphere_datacenter.target_dc",
            "module.nsxt.vsphere_distributed_virtual_switch.vds2",
            "module.nsxt.vsphere_host.hostmember"
          ]
        }
      ]
    },
    {
      "module": "module.nsxt",
      "mode": "managed",
      "type": "vsphere_distributed_port_group",
      "name": "pg3",
      "provider": "module.nsxt.provider[\"registry.terraform.io/hashicorp/vsphere\"]",
      "instances": [
        {
          "index_key": "dpg-staging-ovl-edge-uplink1",
          "schema_version": 0,
          "attributes": {
            "active_uplinks": [
              "uplink1",
              "uplink2"
            ],
            "allow_forged_transmits": false,
            "allow_mac_changes": false,
            "allow_promiscuous": false,
            "auto_expand": true,
            "block_all_ports": false,
            "block_override_allowed": false,
            "check_beacon": false,
            "config_version": "0",
            "custom_attributes": null,
            "description": "",
            "directpath_gen2_allowed": false,
            "distributed_virtual_switch_uuid": "50 11 62 e8 a3 3f 17 2b-6a 74 ab 30 ed fc c3 dc",
            "egress_shaping_average_bandwidth": 100000000,
            "egress_shaping_burst_size": 104857600,
            "egress_shaping_enabled": false,
            "egress_shaping_peak_bandwidth": 100000000,
            "failback": true,
            "id": "dvportgroup-7110",
            "ingress_shaping_average_bandwidth": 100000000,
            "ingress_shaping_burst_size": 104857600,
            "ingress_shaping_enabled": false,
            "ingress_shaping_peak_bandwidth": 100000000,
            "key": "dvportgroup-7110",
            "lacp_enabled": false,
            "lacp_mode": "passive",
            "live_port_moving_allowed": false,
            "name": "dpg-staging-ovl-edge-uplink1",
            "netflow_enabled": false,
            "netflow_override_allowed": false,
            "network_resource_pool_key": "-1",
            "network_resource_pool_override_allowed": false,
            "notify_switches": true,
            "number_of_ports": 0,
            "port_config_reset_at_disconnect": false,
            "port_name_format": "",
            "port_private_secondary_vlan_id": null,
            "security_policy_override_allowed": false,
            "shaping_override_allowed": false,
            "standby_uplinks": [],
            "tags": null,
            "teaming_policy": "loadbalance_srcid",
            "traffic_filter_override_allowed": false,
            "tx_uplink": false,
            "type": "earlyBinding",
            "uplink_teaming_override_allowed": false,
            "vlan_id": null,
            "vlan_override_allowed": false,
            "vlan_range": [
              {
                "max_vlan": 4094,
                "min_vlan": 0
              }
            ]
          },
          "sensitive_attributes": [],
          "private": "bnVsbA==",
          "dependencies": [
            "module.nsxt.data.vsphere_host_thumbprint.finger2",
            "module.nsxt.data.vsphere_host_thumbprint.finger3",
            "module.nsxt.vsphere_compute_cluster.c2",
            "module.nsxt.vsphere_datacenter.target_dc",
            "module.nsxt.vsphere_distributed_virtual_switch.vds3",
            "module.nsxt.vsphere_host.hostmember1"
          ]
        },
        {
          "index_key": "dpg-staging-ovl-edge-uplink2",
          "schema_version": 0,
          "attributes": {
            "active_uplinks": [
              "uplink1",
              "uplink2"
            ],
            "allow_forged_transmits": false,
            "allow_mac_changes": false,
            "allow_promiscuous": false,
            "auto_expand": true,
            "block_all_ports": false,
            "block_override_allowed": false,
            "check_beacon": false,
            "config_version": "0",
            "custom_attributes": null,
            "description": "",
            "directpath_gen2_allowed": false,
            "distributed_virtual_switch_uuid": "50 11 62 e8 a3 3f 17 2b-6a 74 ab 30 ed fc c3 dc",
            "egress_shaping_average_bandwidth": 100000000,
            "egress_shaping_burst_size": 104857600,
            "egress_shaping_enabled": false,
            "egress_shaping_peak_bandwidth": 100000000,
            "failback": true,
            "id": "dvportgroup-7111",
            "ingress_shaping_average_bandwidth": 100000000,
            "ingress_shaping_burst_size": 104857600,
            "ingress_shaping_enabled": false,
            "ingress_shaping_peak_bandwidth": 100000000,
            "key": "dvportgroup-7111",
            "lacp_enabled": false,
            "lacp_mode": "passive",
            "live_port_moving_allowed": false,
            "name": "dpg-staging-ovl-edge-uplink2",
            "netflow_enabled": false,
            "netflow_override_allowed": false,
            "network_resource_pool_key": "-1",
            "network_resource_pool_override_allowed": false,
            "notify_switches": true,
            "number_of_ports": 0,
            "port_config_reset_at_disconnect": false,
            "port_name_format": "",
            "port_private_secondary_vlan_id": null,
            "security_policy_override_allowed": false,
            "shaping_override_allowed": false,
            "standby_uplinks": [],
            "tags": null,
            "teaming_policy": "loadbalance_srcid",
            "traffic_filter_override_allowed": false,
            "tx_uplink": false,
            "type": "earlyBinding",
            "uplink_teaming_override_allowed": false,
            "vlan_id": null,
            "vlan_override_allowed": false,
            "vlan_range": [
              {
                "max_vlan": 4094,
                "min_vlan": 0
              }
            ]
          },
          "sensitive_attributes": [],
          "private": "bnVsbA==",
          "dependencies": [
            "module.nsxt.data.vsphere_host_thumbprint.finger2",
            "module.nsxt.data.vsphere_host_thumbprint.finger3",
            "module.nsxt.vsphere_compute_cluster.c2",
            "module.nsxt.vsphere_datacenter.target_dc",
            "module.nsxt.vsphere_distributed_virtual_switch.vds3",
            "module.nsxt.vsphere_host.hostmember1"
          ]
        },
        {
          "index_key": "dpg-staging-vl-edge-uplink1",
          "schema_version": 0,
          "attributes": {
            "active_uplinks": [
              "uplink1",
              "uplink2"
            ],
            "allow_forged_transmits": false,
            "allow_mac_changes": false,
            "allow_promiscuous": false,
            "auto_expand": true,
            "block_all_ports": false,
            "block_override_allowed": false,
            "check_beacon": false,
            "config_version": "0",
            "custom_attributes": null,
            "description": "",
            "directpath_gen2_allowed": false,
            "distributed_virtual_switch_uuid": "50 11 62 e8 a3 3f 17 2b-6a 74 ab 30 ed fc c3 dc",
            "egress_shaping_average_bandwidth": 100000000,
            "egress_shaping_burst_size": 104857600,
            "egress_shaping_enabled": false,
            "egress_shaping_peak_bandwidth": 100000000,
            "failback": true,
            "id": "dvportgroup-7112",
            "ingress_shaping_average_bandwidth": 100000000,
            "ingress_shaping_burst_size": 104857600,
            "ingress_shaping_enabled": false,
            "ingress_shaping_peak_bandwidth": 100000000,
            "key": "dvportgroup-7112",
            "lacp_enabled": false,
            "lacp_mode": "passive",
            "live_port_moving_allowed": false,
            "name": "dpg-staging-vl-edge-uplink1",
            "netflow_enabled": false,
            "netflow_override_allowed": false,
            "network_resource_pool_key": "-1",
            "network_resource_pool_override_allowed": false,
            "notify_switches": true,
            "number_of_ports": 0,
            "port_config_reset_at_disconnect": false,
            "port_name_format": "",
            "port_private_secondary_vlan_id": null,
            "security_policy_override_allowed": false,
            "shaping_override_allowed": false,
            "standby_uplinks": [],
            "tags": null,
            "teaming_policy": "loadbalance_srcid",
            "traffic_filter_override_allowed": false,
            "tx_uplink": false,
            "type": "earlyBinding",
            "uplink_teaming_override_allowed": false,
            "vlan_id": null,
            "vlan_override_allowed": false,
            "vlan_range": [
              {
                "max_vlan": 4094,
                "min_vlan": 0
              }
            ]
          },
          "sensitive_attributes": [],
          "private": "bnVsbA==",
          "dependencies": [
            "module.nsxt.data.vsphere_host_thumbprint.finger2",
            "module.nsxt.data.vsphere_host_thumbprint.finger3",
            "module.nsxt.vsphere_compute_cluster.c2",
            "module.nsxt.vsphere_datacenter.target_dc",
            "module.nsxt.vsphere_distributed_virtual_switch.vds3",
            "module.nsxt.vsphere_host.hostmember1"
          ]
        },
        {
          "index_key": "dpg-staging-vl-edge-uplink2",
          "schema_version": 0,
          "attributes": {
            "active_uplinks": [
              "uplink1",
              "uplink2"
            ],
            "allow_forged_transmits": false,
            "allow_mac_changes": false,
            "allow_promiscuous": false,
            "auto_expand": true,
            "block_all_ports": false,
            "block_override_allowed": false,
            "check_beacon": false,
            "config_version": "0",
            "custom_attributes": null,
            "description": "",
            "directpath_gen2_allowed": false,
            "distributed_virtual_switch_uuid": "50 11 62 e8 a3 3f 17 2b-6a 74 ab 30 ed fc c3 dc",
            "egress_shaping_average_bandwidth": 100000000,
            "egress_shaping_burst_size": 104857600,
            "egress_shaping_enabled": false,
            "egress_shaping_peak_bandwidth": 100000000,
            "failback": true,
            "id": "dvportgroup-7109",
            "ingress_shaping_average_bandwidth": 100000000,
            "ingress_shaping_burst_size": 104857600,
            "ingress_shaping_enabled": false,
            "ingress_shaping_peak_bandwidth": 100000000,
            "key": "dvportgroup-7109",
            "lacp_enabled": false,
            "lacp_mode": "passive",
            "live_port_moving_allowed": false,
            "name": "dpg-staging-vl-edge-uplink2",
            "netflow_enabled": false,
            "netflow_override_allowed": false,
            "network_resource_pool_key": "-1",
            "network_resource_pool_override_allowed": false,
            "notify_switches": true,
            "number_of_ports": 0,
            "port_config_reset_at_disconnect": false,
            "port_name_format": "",
            "port_private_secondary_vlan_id": null,
            "security_policy_override_allowed": false,
            "shaping_override_allowed": false,
            "standby_uplinks": [],
            "tags": null,
            "teaming_policy": "loadbalance_srcid",
            "traffic_filter_override_allowed": false,
            "tx_uplink": false,
            "type": "earlyBinding",
            "uplink_teaming_override_allowed": false,
            "vlan_id": null,
            "vlan_override_allowed": false,
            "vlan_range": [
              {
                "max_vlan": 4094,
                "min_vlan": 0
              }
            ]
          },
          "sensitive_attributes": [],
          "private": "bnVsbA==",
          "dependencies": [
            "module.nsxt.data.vsphere_host_thumbprint.finger2",
            "module.nsxt.data.vsphere_host_thumbprint.finger3",
            "module.nsxt.vsphere_compute_cluster.c2",
            "module.nsxt.vsphere_datacenter.target_dc",
            "module.nsxt.vsphere_distributed_virtual_switch.vds3",
            "module.nsxt.vsphere_host.hostmember1"
          ]
        }
      ]
    },
    {
      "module": "module.nsxt",
      "mode": "managed",
      "type": "vsphere_distributed_virtual_switch",
      "name": "vds1",
      "provider": "module.nsxt.provider[\"registry.terraform.io/hashicorp/vsphere\"]",
      "instances": [
        {
          "schema_version": 0,
          "attributes": {
            "active_uplinks": [
              "uplink1",
              "uplink2"
            ],
            "allow_forged_transmits": false,
            "allow_mac_changes": false,
            "allow_promiscuous": false,
            "backupnfc_maximum_mbit": -1,
            "backupnfc_reservation_mbit": 0,
            "backupnfc_share_count": 50,
            "backupnfc_share_level": "normal",
            "block_all_ports": false,
            "check_beacon": false,
            "config_version": "10",
            "contact_detail": "",
            "contact_name": "",
            "custom_attributes": null,
            "datacenter_id": "datacenter-7080",
            "description": "",
            "directpath_gen2_allowed": false,
            "egress_shaping_average_bandwidth": 100000000,
            "egress_shaping_burst_size": 104857600,
            "egress_shaping_enabled": false,
            "egress_shaping_peak_bandwidth": 100000000,
            "failback": true,
            "faulttolerance_maximum_mbit": -1,
            "faulttolerance_reservation_mbit": 0,
            "faulttolerance_share_count": 50,
            "faulttolerance_share_level": "normal",
            "folder": "",
            "hbr_maximum_mbit": -1,
            "hbr_reservation_mbit": 0,
            "hbr_share_count": 50,
            "hbr_share_level": "normal",
            "host": [
              {
                "devices": [
                  "vmnic1"
                ],
                "host_system_id": "host-7090"
              },
              {
                "devices": [
                  "vmnic1"
                ],
                "host_system_id": "host-7091"
              },
              {
                "devices": [
                  "vmnic1"
                ],
                "host_system_id": "host-7092"
              },
              {
                "devices": [
                  "vmnic1"
                ],
                "host_system_id": "host-7093"
              }
            ],
            "id": "50 11 2a 95 24 9e ef 53-e2 d2 68 fd f1 32 49 de",
            "ignore_other_pvlan_mappings": false,
            "ingress_shaping_average_bandwidth": 100000000,
            "ingress_shaping_burst_size": 104857600,
            "ingress_shaping_enabled": false,
            "ingress_shaping_peak_bandwidth": 100000000,
            "ipv4_address": "",
            "iscsi_maximum_mbit": -1,
            "iscsi_reservation_mbit": 0,
            "iscsi_share_count": 50,
            "iscsi_share_level": "normal",
            "lacp_api_version": "multipleLag",
            "lacp_enabled": false,
            "lacp_mode": "passive",
            "link_discovery_operation": "listen",
            "link_discovery_protocol": "cdp",
            "management_maximum_mbit": -1,
            "management_reservation_mbit": 0,
            "management_share_count": 50,
            "management_share_level": "normal",
            "max_mtu": 1500,
            "multicast_filtering_mode": "snooping",
            "name": "vds-mgt",
            "netflow_active_flow_timeout": 60,
            "netflow_collector_ip_address": "",
            "netflow_collector_port": 0,
            "netflow_enabled": false,
            "netflow_idle_flow_timeout": 15,
            "netflow_internal_flows_only": false,
            "netflow_observation_domain_id": 0,
            "netflow_sampling_rate": 0,
            "network_resource_control_enabled": false,
            "network_resource_control_version": "version3",
            "nfs_maximum_mbit": -1,
            "nfs_reservation_mbit": 0,
            "nfs_share_count": 50,
            "nfs_share_level": "normal",
            "notify_switches": true,
            "port_private_secondary_vlan_id": null,
            "pvlan_mapping": [],
            "standby_uplinks": [],
            "tags": null,
            "teaming_policy": "loadbalance_srcid",
            "tx_uplink": false,
            "uplinks": [
              "uplink1",
              "uplink2"
            ],
            "vdp_maximum_mbit": -1,
            "vdp_reservation_mbit": 0,
            "vdp_share_count": 50,
            "vdp_share_level": "normal",
            "version": "7.0.2",
            "virtualmachine_maximum_mbit": -1,
            "virtualmachine_reservation_mbit": 0,
            "virtualmachine_share_count": 100,
            "virtualmachine_share_level": "high",
            "vlan_id": 0,
            "vlan_range": [],
            "vmotion_maximum_mbit": -1,
            "vmotion_reservation_mbit": 0,
            "vmotion_share_count": 50,
            "vmotion_share_level": "normal",
            "vsan_maximum_mbit": -1,
            "vsan_reservation_mbit": 0,
            "vsan_share_count": 50,
            "vsan_share_level": "normal"
          },
          "sensitive_attributes": [],
          "private": "bnVsbA==",
          "dependencies": [
            "module.nsxt.data.vsphere_host_thumbprint.finger0",
            "module.nsxt.data.vsphere_host_thumbprint.finger1",
            "module.nsxt.data.vsphere_host_thumbprint.finger2",
            "module.nsxt.data.vsphere_host_thumbprint.finger3",
            "module.nsxt.vsphere_compute_cluster.c1",
            "module.nsxt.vsphere_compute_cluster.c2",
            "module.nsxt.vsphere_datacenter.target_dc",
            "module.nsxt.vsphere_host.hostmember",
            "module.nsxt.vsphere_host.hostmember1"
          ]
        }
      ]
    },
    {
      "module": "module.nsxt",
      "mode": "managed",
      "type": "vsphere_distributed_virtual_switch",
      "name": "vds2",
      "provider": "module.nsxt.provider[\"registry.terraform.io/hashicorp/vsphere\"]",
      "instances": [
        {
          "schema_version": 0,
          "attributes": {
            "active_uplinks": [
              "uplink1",
              "uplink2"
            ],
            "allow_forged_transmits": false,
            "allow_mac_changes": false,
            "allow_promiscuous": false,
            "backupnfc_maximum_mbit": -1,
            "backupnfc_reservation_mbit": 0,
            "backupnfc_share_count": 50,
            "backupnfc_share_level": "normal",
            "block_all_ports": false,
            "check_beacon": false,
            "config_version": "6",
            "contact_detail": "",
            "contact_name": "",
            "custom_attributes": null,
            "datacenter_id": "datacenter-7080",
            "description": "",
            "directpath_gen2_allowed": false,
            "egress_shaping_average_bandwidth": 100000000,
            "egress_shaping_burst_size": 104857600,
            "egress_shaping_enabled": false,
            "egress_shaping_peak_bandwidth": 100000000,
            "failback": true,
            "faulttolerance_maximum_mbit": -1,
            "faulttolerance_reservation_mbit": 0,
            "faulttolerance_share_count": 50,
            "faulttolerance_share_level": "normal",
            "folder": "",
            "hbr_maximum_mbit": -1,
            "hbr_reservation_mbit": 0,
            "hbr_share_count": 50,
            "hbr_share_level": "normal",
            "host": [
              {
                "devices": [
                  "vmnic4",
                  "vmnic5"
                ],
                "host_system_id": "host-7090"
              },
              {
                "devices": [
                  "vmnic4",
                  "vmnic5"
                ],
                "host_system_id": "host-7091"
              }
            ],
            "id": "50 11 06 c3 59 10 a0 80-b3 40 68 bc 59 f6 b8 ec",
            "ignore_other_pvlan_mappings": false,
            "ingress_shaping_average_bandwidth": 100000000,
            "ingress_shaping_burst_size": 104857600,
            "ingress_shaping_enabled": false,
            "ingress_shaping_peak_bandwidth": 100000000,
            "ipv4_address": "",
            "iscsi_maximum_mbit": -1,
            "iscsi_reservation_mbit": 0,
            "iscsi_share_count": 50,
            "iscsi_share_level": "normal",
            "lacp_api_version": "multipleLag",
            "lacp_enabled": false,
            "lacp_mode": "passive",
            "link_discovery_operation": "listen",
            "link_discovery_protocol": "cdp",
            "management_maximum_mbit": -1,
            "management_reservation_mbit": 0,
            "management_share_count": 50,
            "management_share_level": "normal",
            "max_mtu": 1700,
            "multicast_filtering_mode": "snooping",
            "name": "vds-prod-data",
            "netflow_active_flow_timeout": 60,
            "netflow_collector_ip_address": "",
            "netflow_collector_port": 0,
            "netflow_enabled": false,
            "netflow_idle_flow_timeout": 15,
            "netflow_internal_flows_only": false,
            "netflow_observation_domain_id": 0,
            "netflow_sampling_rate": 0,
            "network_resource_control_enabled": false,
            "network_resource_control_version": "version3",
            "nfs_maximum_mbit": -1,
            "nfs_reservation_mbit": 0,
            "nfs_share_count": 50,
            "nfs_share_level": "normal",
            "notify_switches": true,
            "port_private_secondary_vlan_id": null,
            "pvlan_mapping": [],
            "standby_uplinks": [],
            "tags": null,
            "teaming_policy": "loadbalance_srcid",
            "tx_uplink": false,
            "uplinks": [
              "uplink1",
              "uplink2"
            ],
            "vdp_maximum_mbit": -1,
            "vdp_reservation_mbit": 0,
            "vdp_share_count": 50,
            "vdp_share_level": "normal",
            "version": "7.0.2",
            "virtualmachine_maximum_mbit": -1,
            "virtualmachine_reservation_mbit": 0,
            "virtualmachine_share_count": 100,
            "virtualmachine_share_level": "high",
            "vlan_id": 0,
            "vlan_range": [],
            "vmotion_maximum_mbit": -1,
            "vmotion_reservation_mbit": 0,
            "vmotion_share_count": 50,
            "vmotion_share_level": "normal",
            "vsan_maximum_mbit": -1,
            "vsan_reservation_mbit": 0,
            "vsan_share_count": 50,
            "vsan_share_level": "normal"
          },
          "sensitive_attributes": [],
          "private": "bnVsbA==",
          "dependencies": [
            "module.nsxt.data.vsphere_host_thumbprint.finger0",
            "module.nsxt.data.vsphere_host_thumbprint.finger1",
            "module.nsxt.vsphere_compute_cluster.c1",
            "module.nsxt.vsphere_datacenter.target_dc",
            "module.nsxt.vsphere_host.hostmember"
          ]
        }
      ]
    },
    {
      "module": "module.nsxt",
      "mode": "managed",
      "type": "vsphere_distributed_virtual_switch",
      "name": "vds3",
      "provider": "module.nsxt.provider[\"registry.terraform.io/hashicorp/vsphere\"]",
      "instances": [
        {
          "schema_version": 0,
          "attributes": {
            "active_uplinks": [
              "uplink1",
              "uplink2"
            ],
            "allow_forged_transmits": false,
            "allow_mac_changes": false,
            "allow_promiscuous": false,
            "backupnfc_maximum_mbit": -1,
            "backupnfc_reservation_mbit": 0,
            "backupnfc_share_count": 50,
            "backupnfc_share_level": "normal",
            "block_all_ports": false,
            "check_beacon": false,
            "config_version": "6",
            "contact_detail": "",
            "contact_name": "",
            "custom_attributes": null,
            "datacenter_id": "datacenter-7080",
            "description": "",
            "directpath_gen2_allowed": false,
            "egress_shaping_average_bandwidth": 100000000,
            "egress_shaping_burst_size": 104857600,
            "egress_shaping_enabled": false,
            "egress_shaping_peak_bandwidth": 100000000,
            "failback": true,
            "faulttolerance_maximum_mbit": -1,
            "faulttolerance_reservation_mbit": 0,
            "faulttolerance_share_count": 50,
            "faulttolerance_share_level": "normal",
            "folder": "",
            "hbr_maximum_mbit": -1,
            "hbr_reservation_mbit": 0,
            "hbr_share_count": 50,
            "hbr_share_level": "normal",
            "host": [
              {
                "devices": [
                  "vmnic6",
                  "vmnic7"
                ],
                "host_system_id": "host-7092"
              },
              {
                "devices": [
                  "vmnic6",
                  "vmnic7"
                ],
                "host_system_id": "host-7093"
              }
            ],
            "id": "50 11 62 e8 a3 3f 17 2b-6a 74 ab 30 ed fc c3 dc",
            "ignore_other_pvlan_mappings": false,
            "ingress_shaping_average_bandwidth": 100000000,
            "ingress_shaping_burst_size": 104857600,
            "ingress_shaping_enabled": false,
            "ingress_shaping_peak_bandwidth": 100000000,
            "ipv4_address": "",
            "iscsi_maximum_mbit": -1,
            "iscsi_reservation_mbit": 0,
            "iscsi_share_count": 50,
            "iscsi_share_level": "normal",
            "lacp_api_version": "multipleLag",
            "lacp_enabled": false,
            "lacp_mode": "passive",
            "link_discovery_operation": "listen",
            "link_discovery_protocol": "cdp",
            "management_maximum_mbit": -1,
            "management_reservation_mbit": 0,
            "management_share_count": 50,
            "management_share_level": "normal",
            "max_mtu": 1700,
            "multicast_filtering_mode": "snooping",
            "name": "vds-staging-data",
            "netflow_active_flow_timeout": 60,
            "netflow_collector_ip_address": "",
            "netflow_collector_port": 0,
            "netflow_enabled": false,
            "netflow_idle_flow_timeout": 15,
            "netflow_internal_flows_only": false,
            "netflow_observation_domain_id": 0,
            "netflow_sampling_rate": 0,
            "network_resource_control_enabled": false,
            "network_resource_control_version": "version3",
            "nfs_maximum_mbit": -1,
            "nfs_reservation_mbit": 0,
            "nfs_share_count": 50,
            "nfs_share_level": "normal",
            "notify_switches": true,
            "port_private_secondary_vlan_id": null,
            "pvlan_mapping": [],
            "standby_uplinks": [],
            "tags": null,
            "teaming_policy": "loadbalance_srcid",
            "tx_uplink": false,
            "uplinks": [
              "uplink1",
              "uplink2"
            ],
            "vdp_maximum_mbit": -1,
            "vdp_reservation_mbit": 0,
            "vdp_share_count": 50,
            "vdp_share_level": "normal",
            "version": "7.0.2",
            "virtualmachine_maximum_mbit": -1,
            "virtualmachine_reservation_mbit": 0,
            "virtualmachine_share_count": 100,
            "virtualmachine_share_level": "high",
            "vlan_id": 0,
            "vlan_range": [],
            "vmotion_maximum_mbit": -1,
            "vmotion_reservation_mbit": 0,
            "vmotion_share_count": 50,
            "vmotion_share_level": "normal",
            "vsan_maximum_mbit": -1,
            "vsan_reservation_mbit": 0,
            "vsan_share_count": 50,
            "vsan_share_level": "normal"
          },
          "sensitive_attributes": [],
          "private": "bnVsbA==",
          "dependencies": [
            "module.nsxt.data.vsphere_host_thumbprint.finger2",
            "module.nsxt.data.vsphere_host_thumbprint.finger3",
            "module.nsxt.vsphere_compute_cluster.c2",
            "module.nsxt.vsphere_datacenter.target_dc",
            "module.nsxt.vsphere_host.hostmember1"
          ]
        }
      ]
    },
    {
      "module": "module.nsxt",
      "mode": "managed",
      "type": "vsphere_host",
      "name": "hostmember",
      "provider": "module.nsxt.provider[\"registry.terraform.io/hashicorp/vsphere\"]",
      "instances": [
        {
          "index_key": 0,
          "schema_version": 0,
          "attributes": {
            "cluster": "domain-c7085",
            "cluster_managed": null,
            "connected": true,
            "datacenter": null,
            "force": false,
            "hostname": "192.168.15.151",
            "id": "host-7091",
            "license": null,
            "lockdown": "disabled",
            "maintenance": false,
            "password": "VMware1!",
            "tags": null,
            "thumbprint": "EF:ED:57:C0:37:98:2C:D5:BB:75:0C:35:51:F1:27:87:0A:D3:8B:9F",
            "username": "root"
          },
          "sensitive_attributes": [],
          "private": "bnVsbA==",
          "dependencies": [
            "module.nsxt.data.vsphere_host_thumbprint.finger0",
            "module.nsxt.data.vsphere_host_thumbprint.finger1",
            "module.nsxt.vsphere_compute_cluster.c1",
            "module.nsxt.vsphere_datacenter.target_dc"
          ]
        },
        {
          "index_key": 1,
          "schema_version": 0,
          "attributes": {
            "cluster": "domain-c7085",
            "cluster_managed": null,
            "connected": true,
            "datacenter": null,
            "force": false,
            "hostname": "192.168.15.152",
            "id": "host-7090",
            "license": null,
            "lockdown": "disabled",
            "maintenance": false,
            "password": "VMware1!",
            "tags": null,
            "thumbprint": "DE:C8:40:19:2B:AD:D4:2F:43:63:BB:45:8A:1A:8D:18:ED:C2:74:6A",
            "username": "root"
          },
          "sensitive_attributes": [],
          "private": "bnVsbA==",
          "dependencies": [
            "module.nsxt.data.vsphere_host_thumbprint.finger0",
            "module.nsxt.data.vsphere_host_thumbprint.finger1",
            "module.nsxt.vsphere_compute_cluster.c1",
            "module.nsxt.vsphere_datacenter.target_dc"
          ]
        }
      ]
    },
    {
      "module": "module.nsxt",
      "mode": "managed",
      "type": "vsphere_host",
      "name": "hostmember1",
      "provider": "module.nsxt.provider[\"registry.terraform.io/hashicorp/vsphere\"]",
      "instances": [
        {
          "index_key": 0,
          "schema_version": 0,
          "attributes": {
            "cluster": "domain-c7087",
            "cluster_managed": null,
            "connected": true,
            "datacenter": null,
            "force": false,
            "hostname": "192.168.15.153",
            "id": "host-7092",
            "license": null,
            "lockdown": "disabled",
            "maintenance": false,
            "password": "VMware1!",
            "tags": null,
            "thumbprint": "F3:4B:C3:16:19:A5:A4:83:6C:CF:80:51:1E:18:8D:AF:51:A1:D3:21",
            "username": "root"
          },
          "sensitive_attributes": [],
          "private": "bnVsbA==",
          "dependencies": [
            "module.nsxt.data.vsphere_host_thumbprint.finger2",
            "module.nsxt.data.vsphere_host_thumbprint.finger3",
            "module.nsxt.vsphere_compute_cluster.c2",
            "module.nsxt.vsphere_datacenter.target_dc"
          ]
        },
        {
          "index_key": 1,
          "schema_version": 0,
          "attributes": {
            "cluster": "domain-c7087",
            "cluster_managed": null,
            "connected": true,
            "datacenter": null,
            "force": false,
            "hostname": "192.168.15.154",
            "id": "host-7093",
            "license": null,
            "lockdown": "disabled",
            "maintenance": false,
            "password": "VMware1!",
            "tags": null,
            "thumbprint": "EE:7E:10:69:BB:F2:91:B2:79:94:47:05:55:2B:83:E7:AA:8F:DE:52",
            "username": "root"
          },
          "sensitive_attributes": [],
          "private": "bnVsbA==",
          "dependencies": [
            "module.nsxt.data.vsphere_host_thumbprint.finger2",
            "module.nsxt.data.vsphere_host_thumbprint.finger3",
            "module.nsxt.vsphere_compute_cluster.c2",
            "module.nsxt.vsphere_datacenter.target_dc"
          ]
        }
      ]
    }
  ]
}
